{
  "name": "telegram-mensa-bot",
  "version": "1.0.0",
  "lockfileVersion": 1,
  "requires": true,
  "dependencies": {
    "@types/node": {
      "version": "9.6.18",
      "resolved": "https://registry.npmjs.org/@types/node/-/node-9.6.18.tgz",
      "integrity": "sha512-lywCnJQRSsu0kitHQ5nkb7Ay/ScdJPQjhWRtuf+G1DmNKJnPcdVyP0pYvdiDFKjzReC6NLWLgSyimno3kKfIig=="
    },
    "debug": {
      "version": "3.1.0",
      "resolved": "https://registry.npmjs.org/debug/-/debug-3.1.0.tgz",
      "integrity": "sha512-OX8XqP7/1a9cqkxYw2yXss15f26NKWBpDXQd0/uK/KPqdQhxbPa994hnzjcE2VqQpDslf55723cKPUOGSmMY3g==",
      "requires": {
        "ms": "2.0.0"
      }
    },
    "dotenv": {
      "version": "6.0.0",
      "resolved": "https://registry.npmjs.org/dotenv/-/dotenv-6.0.0.tgz",
      "integrity": "sha512-FlWbnhgjtwD+uNLUGHbMykMOYQaTivdHEmYwAKFjn6GKe/CqY0fNae93ZHTd20snh9ZLr8mTzIL9m0APQ1pjQg=="
    },
    "lodash": {
      "version": "4.17.19",
      "resolved": "https://registry.npmjs.org/lodash/-/lodash-4.17.19.tgz",
      "integrity": "sha512-JNvd8XER9GQX0v2qJgsaN/mzFCNA5BRe/j8JN9d+tWyGLSodKQHKFicdwNYzWwI3wjRnaKPsGj1XkBjx/F96DQ=="
    },
    "lowdb": {
      "version": "2.0.3",
      "resolved": "https://registry.npmjs.org/lowdb/-/lowdb-2.0.3.tgz",
      "integrity": "sha512-XEBcYcArKhJAlRDnZbQX6wsTklfP645nZHppRehdqhFM7FYqnTAknfOulhYdgJuWQpMgfeZhtZhNXWdTEU8dEA==",
      "requires": {
        "steno": "^1.0.0"
      }
    },
    "ms": {
      "version": "2.0.0",
      "resolved": "https://registry.npmjs.org/ms/-/ms-2.0.0.tgz",
      "integrity": "sha1-VgiurfwAvmwpAd9fmGF4jeDVl8g="
    },
    "node-fetch": {
      "version": "2.6.0",
      "resolved": "https://registry.npmjs.org/node-fetch/-/node-fetch-2.6.0.tgz",
      "integrity": "sha512-8dG4H5ujfvFiqDmVu9fQ5bOHUC15JMjMY/Zumv26oOvvVJjM67KF8koCWIabKQ1GJIa9r2mMZscBq/TbdOcmNA=="
    },
    "prettier": {
      "version": "2.0.2",
      "resolved": "https://registry.npmjs.org/prettier/-/prettier-2.0.2.tgz",
      "integrity": "sha512-5xJQIPT8BraI7ZnaDwSbu5zLrB6vvi8hVV58yHQ+QK64qrY40dULy0HSRlQ2/2IdzeBpjhDkqdcFBnFeDEMVdg==",
      "dev": true
    },
    "sandwich-stream": {
      "version": "1.0.0",
      "resolved": "https://registry.npmjs.org/sandwich-stream/-/sandwich-stream-1.0.0.tgz",
      "integrity": "sha1-eDDkV5e1kzKH8fmyj4cZB0ViYvI="
    },
    "steno": {
      "version": "1.0.0",
      "resolved": "https://registry.npmjs.org/steno/-/steno-1.0.0.tgz",
      "integrity": "sha512-C/KgCvEa1yWnpHmaPjAXrz1yWxh6hs+HvhqqPa71euaQmNi1wr4+WFo57VQxjKKuFl2KqS7gtlrN0oxj2noQLw=="
    },
    "telegraf": {
      "version": "3.21.1",
      "resolved": "https://registry.npmjs.org/telegraf/-/telegraf-3.21.1.tgz",
      "integrity": "sha512-4NgICjuf+eVSNNcXf4nUzRasjK8wLwwDpN4AEpwsNy794drbAjH6NLoCVKaxyu+Z51hGlwK1UghMI+mA26ggJA==",
      "requires": {
        "@types/node": "^9.6.6",
        "debug": "^3.0.0",
        "node-fetch": "^2.0.0",
        "sandwich-stream": "^1.0.0",
        "telegram-typings": "^3.6.0",
        "typescript": "^2.8.3"
      }
    },
    "telegram-typings": {
      "version": "3.6.1",
      "resolved": "https://registry.npmjs.org/telegram-typings/-/telegram-typings-3.6.1.tgz",
      "integrity": "sha512-njVv1EAhIZnmQVLocZEADYUyqA1WIXuVcDYlsp+mXua/XB0pxx+PKtMSPeZ/EE4wPWTw9h/hA9ASTT6yQelkiw=="
    },
    "typescript": {
      "version": "2.8.3",
      "resolved": "https://registry.npmjs.org/typescript/-/typescript-2.8.3.tgz",
      "integrity": "sha512-K7g15Bb6Ra4lKf7Iq2l/I5/En+hLIHmxWZGq3D4DIRNFxMNV6j2SHSvDOqs2tGd4UvD/fJvrwopzQXjLrT7Itw=="
    }
  }
}
